// !$*UTF8*$!
{
	archiveVersion = 1;
	classes = {
	};
	objectVersion = 50;
	objects = {

/* Begin PBXBuildFile section */
		B5C51D9A273C301F0012FBBD /* AppDelegate.swift in Sources */ = {isa = PBXBuildFile; fileRef = B5C51D99273C301F0012FBBD /* AppDelegate.swift */; };
		B5C51D9C273C301F0012FBBD /* SceneDelegate.swift in Sources */ = {isa = PBXBuildFile; fileRef = B5C51D9B273C301F0012FBBD /* SceneDelegate.swift */; };
		B5C51D9E273C301F0012FBBD /* ViewController.swift in Sources */ = {isa = PBXBuildFile; fileRef = B5C51D9D273C301F0012FBBD /* ViewController.swift */; };
		B5C51DA3273C30210012FBBD /* Assets.xcassets in Resources */ = {isa = PBXBuildFile; fileRef = B5C51DA2273C30210012FBBD /* Assets.xcassets */; };
		B5C51DA6273C30210012FBBD /* LaunchScreen.storyboard in Resources */ = {isa = PBXBuildFile; fileRef = B5C51DA4273C30210012FBBD /* LaunchScreen.storyboard */; };
		B5C51DB2273C326E0012FBBD /* WebScreenViewController.swift in Sources */ = {isa = PBXBuildFile; fileRef = B5C51DB1273C326E0012FBBD /* WebScreenViewController.swift */; };
		B5C51DB4273C32B90012FBBD /* ArticleScreenViewController.swift in Sources */ = {isa = PBXBuildFile; fileRef = B5C51DB3273C32B90012FBBD /* ArticleScreenViewController.swift */; };
		B5C51DB6273C32D90012FBBD /* WebScreenInteractor.swift in Sources */ = {isa = PBXBuildFile; fileRef = B5C51DB5273C32D90012FBBD /* WebScreenInteractor.swift */; };
		B5C51DB8273C32E80012FBBD /* ArticleScreenInteractor.swift in Sources */ = {isa = PBXBuildFile; fileRef = B5C51DB7273C32E80012FBBD /* ArticleScreenInteractor.swift */; };
		B5C51DBA273C32F70012FBBD /* WebScreenPresenter.swift in Sources */ = {isa = PBXBuildFile; fileRef = B5C51DB9273C32F70012FBBD /* WebScreenPresenter.swift */; };
		B5C51DBC273C33040012FBBD /* ArticleScreenPresenter.swift in Sources */ = {isa = PBXBuildFile; fileRef = B5C51DBB273C33040012FBBD /* ArticleScreenPresenter.swift */; };
		B5C51DBE273C33120012FBBD /* WebScreenRouter.swift in Sources */ = {isa = PBXBuildFile; fileRef = B5C51DBD273C33120012FBBD /* WebScreenRouter.swift */; };
		B5C51DC0273C33200012FBBD /* ArticleScreenRouter.swift in Sources */ = {isa = PBXBuildFile; fileRef = B5C51DBF273C33200012FBBD /* ArticleScreenRouter.swift */; };
		B5C51DC2273C33340012FBBD /* WebScreenModels.swift in Sources */ = {isa = PBXBuildFile; fileRef = B5C51DC1273C33340012FBBD /* WebScreenModels.swift */; };
		B5C51DC4273C333E0012FBBD /* ArticleScreenModels.swift in Sources */ = {isa = PBXBuildFile; fileRef = B5C51DC3273C333E0012FBBD /* ArticleScreenModels.swift */; };
		B5C51DC6273C336A0012FBBD /* WebScreenAssembly.swift in Sources */ = {isa = PBXBuildFile; fileRef = B5C51DC5273C336A0012FBBD /* WebScreenAssembly.swift */; };
		B5C51DC8273C33750012FBBD /* ArticleScreenAssembly.swift in Sources */ = {isa = PBXBuildFile; fileRef = B5C51DC7273C33750012FBBD /* ArticleScreenAssembly.swift */; };
		B5C51DCA273C355B0012FBBD /* UIView+Pin.swift in Sources */ = {isa = PBXBuildFile; fileRef = B5C51DC9273C355B0012FBBD /* UIView+Pin.swift */; };
		B5C51DCC273C3EC50012FBBD /* ArticleScreenWorker.swift in Sources */ = {isa = PBXBuildFile; fileRef = B5C51DCB273C3EC50012FBBD /* ArticleScreenWorker.swift */; };
/* End PBXBuildFile section */

/* Begin PBXFileReference section */
		B5C51D96273C301F0012FBBD /* mdleypunskiyPW5.app */ = {isa = PBXFileReference; explicitFileType = wrapper.application; includeInIndex = 0; path = mdleypunskiyPW5.app; sourceTree = BUILT_PRODUCTS_DIR; };
		B5C51D99273C301F0012FBBD /* AppDelegate.swift */ = {isa = PBXFileReference; lastKnownFileType = sourcecode.swift; path = AppDelegate.swift; sourceTree = "<group>"; };
		B5C51D9B273C301F0012FBBD /* SceneDelegate.swift */ = {isa = PBXFileReference; lastKnownFileType = sourcecode.swift; path = SceneDelegate.swift; sourceTree = "<group>"; };
		B5C51D9D273C301F0012FBBD /* ViewController.swift */ = {isa = PBXFileReference; lastKnownFileType = sourcecode.swift; path = ViewController.swift; sourceTree = "<group>"; };
		B5C51DA2273C30210012FBBD /* Assets.xcassets */ = {isa = PBXFileReference; lastKnownFileType = folder.assetcatalog; path = Assets.xcassets; sourceTree = "<group>"; };
		B5C51DA5273C30210012FBBD /* Base */ = {isa = PBXFileReference; lastKnownFileType = file.storyboard; name = Base; path = Base.lproj/LaunchScreen.storyboard; sourceTree = "<group>"; };
		B5C51DA7273C30210012FBBD /* Info.plist */ = {isa = PBXFileReference; lastKnownFileType = text.plist.xml; path = Info.plist; sourceTree = "<group>"; };
		B5C51DB1273C326E0012FBBD /* WebScreenViewController.swift */ = {isa = PBXFileReference; lastKnownFileType = sourcecode.swift; path = WebScreenViewController.swift; sourceTree = "<group>"; };
		B5C51DB3273C32B90012FBBD /* ArticleScreenViewController.swift */ = {isa = PBXFileReference; lastKnownFileType = sourcecode.swift; path = ArticleScreenViewController.swift; sourceTree = "<group>"; };
		B5C51DB5273C32D90012FBBD /* WebScreenInteractor.swift */ = {isa = PBXFileReference; lastKnownFileType = sourcecode.swift; path = WebScreenInteractor.swift; sourceTree = "<group>"; };
		B5C51DB7273C32E80012FBBD /* ArticleScreenInteractor.swift */ = {isa = PBXFileReference; lastKnownFileType = sourcecode.swift; path = ArticleScreenInteractor.swift; sourceTree = "<group>"; };
		B5C51DB9273C32F70012FBBD /* WebScreenPresenter.swift */ = {isa = PBXFileReference; lastKnownFileType = sourcecode.swift; path = WebScreenPresenter.swift; sourceTree = "<group>"; };
		B5C51DBB273C33040012FBBD /* ArticleScreenPresenter.swift */ = {isa = PBXFileReference; lastKnownFileType = sourcecode.swift; path = ArticleScreenPresenter.swift; sourceTree = "<group>"; };
		B5C51DBD273C33120012FBBD /* WebScreenRouter.swift */ = {isa = PBXFileReference; lastKnownFileType = sourcecode.swift; path = WebScreenRouter.swift; sourceTree = "<group>"; };
		B5C51DBF273C33200012FBBD /* ArticleScreenRouter.swift */ = {isa = PBXFileReference; lastKnownFileType = sourcecode.swift; path = ArticleScreenRouter.swift; sourceTree = "<group>"; };
		B5C51DC1273C33340012FBBD /* WebScreenModels.swift */ = {isa = PBXFileReference; lastKnownFileType = sourcecode.swift; path = WebScreenModels.swift; sourceTree = "<group>"; };
		B5C51DC3273C333E0012FBBD /* ArticleScreenModels.swift */ = {isa = PBXFileReference; lastKnownFileType = sourcecode.swift; path = ArticleScreenModels.swift; sourceTree = "<group>"; };
		B5C51DC5273C336A0012FBBD /* WebScreenAssembly.swift */ = {isa = PBXFileReference; lastKnownFileType = sourcecode.swift; path = WebScreenAssembly.swift; sourceTree = "<group>"; };
		B5C51DC7273C33750012FBBD /* ArticleScreenAssembly.swift */ = {isa = PBXFileReference; lastKnownFileType = sourcecode.swift; path = ArticleScreenAssembly.swift; sourceTree = "<group>"; };
		B5C51DC9273C355B0012FBBD /* UIView+Pin.swift */ = {isa = PBXFileReference; fileEncoding = 4; lastKnownFileType = sourcecode.swift; path = "UIView+Pin.swift"; sourceTree = "<group>"; };
		B5C51DCB273C3EC50012FBBD /* ArticleScreenWorker.swift */ = {isa = PBXFileReference; lastKnownFileType = sourcecode.swift; path = ArticleScreenWorker.swift; sourceTree = "<group>"; };
/* End PBXFileReference section */

/* Begin PBXFrameworksBuildPhase section */
		B5C51D93273C301E0012FBBD /* Frameworks */ = {
			isa = PBXFrameworksBuildPhase;
			buildActionMask = 2147483647;
			files = (
			);
			runOnlyForDeploymentPostprocessing = 0;
		};
/* End PBXFrameworksBuildPhase section */

/* Begin PBXGroup section */
		B5C51D8D273C301E0012FBBD = {
			isa = PBXGroup;
			children = (
				B5C51D98273C301F0012FBBD /* mdleypunskiyPW5 */,
				B5C51D97273C301F0012FBBD /* Products */,
			);
			sourceTree = "<group>";
		};
		B5C51D97273C301F0012FBBD /* Products */ = {
			isa = PBXGroup;
			children = (
				B5C51D96273C301F0012FBBD /* mdleypunskiyPW5.app */,
			);
			name = Products;
			sourceTree = "<group>";
		};
		B5C51D98273C301F0012FBBD /* mdleypunskiyPW5 */ = {
			isa = PBXGroup;
			children = (
				B5C51DAE273C320C0012FBBD /* Views */,
				B5C51D99273C301F0012FBBD /* AppDelegate.swift */,
				B5C51D9B273C301F0012FBBD /* SceneDelegate.swift */,
				B5C51D9D273C301F0012FBBD /* ViewController.swift */,
				B5C51DA2273C30210012FBBD /* Assets.xcassets */,
				B5C51DA4273C30210012FBBD /* LaunchScreen.storyboard */,
				B5C51DA7273C30210012FBBD /* Info.plist */,
				B5C51DC9273C355B0012FBBD /* UIView+Pin.swift */,
			);
			path = mdleypunskiyPW5;
			sourceTree = "<group>";
		};
		B5C51DAE273C320C0012FBBD /* Views */ = {
			isa = PBXGroup;
			children = (
				B5C51DB0273C324D0012FBBD /* WebScreen */,
				B5C51DAF273C32180012FBBD /* ArticleScreen */,
			);
			path = Views;
			sourceTree = "<group>";
		};
		B5C51DAF273C32180012FBBD /* ArticleScreen */ = {
			isa = PBXGroup;
			children = (
				B5C51DB3273C32B90012FBBD /* ArticleScreenViewController.swift */,
				B5C51DB7273C32E80012FBBD /* ArticleScreenInteractor.swift */,
				B5C51DBB273C33040012FBBD /* ArticleScreenPresenter.swift */,
				B5C51DBF273C33200012FBBD /* ArticleScreenRouter.swift */,
				B5C51DC3273C333E0012FBBD /* ArticleScreenModels.swift */,
				B5C51DC7273C33750012FBBD /* ArticleScreenAssembly.swift */,
				B5C51DCB273C3EC50012FBBD /* ArticleScreenWorker.swift */,
			);
			path = ArticleScreen;
			sourceTree = "<group>";
		};
		B5C51DB0273C324D0012FBBD /* WebScreen */ = {
			isa = PBXGroup;
			children = (
				B5C51DB1273C326E0012FBBD /* WebScreenViewController.swift */,
				B5C51DB5273C32D90012FBBD /* WebScreenInteractor.swift */,
				B5C51DB9273C32F70012FBBD /* WebScreenPresenter.swift */,
				B5C51DBD273C33120012FBBD /* WebScreenRouter.swift */,
				B5C51DC1273C33340012FBBD /* WebScreenModels.swift */,
				B5C51DC5273C336A0012FBBD /* WebScreenAssembly.swift */,
			);
			path = WebScreen;
			sourceTree = "<group>";
		};
/* End PBXGroup section */

/* Begin PBXNativeTarget section */
		B5C51D95273C301E0012FBBD /* mdleypunskiyPW5 */ = {
			isa = PBXNativeTarget;
			buildConfigurationList = B5C51DAA273C30210012FBBD /* Build configuration list for PBXNativeTarget "mdleypunskiyPW5" */;
			buildPhases = (
				B5C51D92273C301E0012FBBD /* Sources */,
				B5C51D93273C301E0012FBBD /* Frameworks */,
				B5C51D94273C301E0012FBBD /* Resources */,
			);
			buildRules = (
			);
			dependencies = (
			);
			name = mdleypunskiyPW5;
			productName = mdleypunskiyPW5;
			productReference = B5C51D96273C301F0012FBBD /* mdleypunskiyPW5.app */;
			productType = "com.apple.product-type.application";
		};
/* End PBXNativeTarget section */

/* Begin PBXProject section */
		B5C51D8E273C301E0012FBBD /* Project object */ = {
			isa = PBXProject;
			attributes = {
				LastSwiftUpdateCheck = 1250;
				LastUpgradeCheck = 1250;
				TargetAttributes = {
					B5C51D95273C301E0012FBBD = {
						CreatedOnToolsVersion = 12.5.1;
					};
				};
			};
			buildConfigurationList = B5C51D91273C301E0012FBBD /* Build configuration list for PBXProject "mdleypunskiyPW5" */;
			compatibilityVersion = "Xcode 9.3";
			developmentRegion = en;
			hasScannedForEncodings = 0;
			knownRegions = (
				en,
				Base,
			);
			mainGroup = B5C51D8D273C301E0012FBBD;
			productRefGroup = B5C51D97273C301F0012FBBD /* Products */;
			projectDirPath = "";
			projectRoot = "";
			targets = (
				B5C51D95273C301E0012FBBD /* mdleypunskiyPW5 */,
			);
		};
/* End PBXProject section */

/* Begin PBXResourcesBuildPhase section */
		B5C51D94273C301E0012FBBD /* Resources */ = {
			isa = PBXResourcesBuildPhase;
			buildActionMask = 2147483647;
			files = (
				B5C51DA6273C30210012FBBD /* LaunchScreen.storyboard in Resources */,
				B5C51DA3273C30210012FBBD /* Assets.xcassets in Resources */,
			);
			runOnlyForDeploymentPostprocessing = 0;
		};
/* End PBXResourcesBuildPhase section */

/* Begin PBXSourcesBuildPhase section */
		B5C51D92273C301E0012FBBD /* Sources */ = {
			isa = PBXSourcesBuildPhase;
			buildActionMask = 2147483647;
			files = (
				B5C51DC6273C336A0012FBBD /* WebScreenAssembly.swift in Sources */,
				B5C51D9E273C301F0012FBBD /* ViewController.swift in Sources */,
				B5C51DBA273C32F70012FBBD /* WebScreenPresenter.swift in Sources */,
				B5C51DC2273C33340012FBBD /* WebScreenModels.swift in Sources */,
				B5C51DB2273C326E0012FBBD /* WebScreenViewController.swift in Sources */,
				B5C51DB4273C32B90012FBBD /* ArticleScreenViewController.swift in Sources */,
				B5C51DCA273C355B0012FBBD /* UIView+Pin.swift in Sources */,
				B5C51DCC273C3EC50012FBBD /* ArticleScreenWorker.swift in Sources */,
				B5C51D9A273C301F0012FBBD /* AppDelegate.swift in Sources */,
				B5C51DC0273C33200012FBBD /* ArticleScreenRouter.swift in Sources */,
				B5C51DBE273C33120012FBBD /* WebScreenRouter.swift in Sources */,
				B5C51D9C273C301F0012FBBD /* SceneDelegate.swift in Sources */,
				B5C51DC8273C33750012FBBD /* ArticleScreenAssembly.swift in Sources */,
				B5C51DB8273C32E80012FBBD /* ArticleScreenInteractor.swift in Sources */,
				B5C51DC4273C333E0012FBBD /* ArticleScreenModels.swift in Sources */,
				B5C51DB6273C32D90012FBBD /* WebScreenInteractor.swift in Sources */,
				B5C51DBC273C33040012FBBD /* ArticleScreenPresenter.swift in Sources */,
			);
			runOnlyForDeploymentPostprocessing = 0;
		};
/* End PBXSourcesBuildPhase section */

/* Begin PBXVariantGroup section */
		B5C51DA4273C30210012FBBD /* LaunchScreen.storyboard */ = {
			isa = PBXVariantGroup;
			children = (
				B5C51DA5273C30210012FBBD /* Base */,
			);
			name = LaunchScreen.storyboard;
			sourceTree = "<group>";
		};
/* End PBXVariantGroup section */

/* Begin XCBuildConfiguration section */
		B5C51DA8273C30210012FBBD /* Debug */ = {
			isa = XCBuildConfiguration;
			buildSettings = {
				ALWAYS_SEARCH_USER_PATHS = NO;
				CLANG_ANALYZER_NONNULL = YES;
				CLANG_ANALYZER_NUMBER_OBJECT_CONVERSION = YES_AGGRESSIVE;
				CLANG_CXX_LANGUAGE_STANDARD = "gnu++14";
				CLANG_CXX_LIBRARY = "libc++";
				CLANG_ENABLE_MODULES = YES;
				CLANG_ENABLE_OBJC_ARC = YES;
				CLANG_ENABLE_OBJC_WEAK = YES;
				CLANG_WARN_BLOCK_CAPTURE_AUTORELEASING = YES;
				CLANG_WARN_BOOL_CONVERSION = YES;
				CLANG_WARN_COMMA = YES;
				CLANG_WARN_CONSTANT_CONVERSION = YES;
				CLANG_WARN_DEPRECATED_OBJC_IMPLEMENTATIONS = YES;
				CLANG_WARN_DIRECT_OBJC_ISA_USAGE = YES_ERROR;
				CLANG_WARN_DOCUMENTATION_COMMENTS = YES;
				CLANG_WARN_EMPTY_BODY = YES;
				CLANG_WARN_ENUM_CONVERSION = YES;
				CLANG_WARN_INFINITE_RECURSION = YES;
				CLANG_WARN_INT_CONVERSION = YES;
				CLANG_WARN_NON_LITERAL_NULL_CONVERSION = YES;
				CLANG_WARN_OBJC_IMPLICIT_RETAIN_SELF = YES;
				CLANG_WARN_OBJC_LITERAL_CONVERSION = YES;
				CLANG_WARN_OBJC_ROOT_CLASS = YES_ERROR;
				CLANG_WARN_QUOTED_INCLUDE_IN_FRAMEWORK_HEADER = YES;
				CLANG_WARN_RANGE_LOOP_ANALYSIS = YES;
				CLANG_WARN_STRICT_PROTOTYPES = YES;
				CLANG_WARN_SUSPICIOUS_MOVE = YES;
				CLANG_WARN_UNGUARDED_AVAILABILITY = YES_AGGRESSIVE;
				CLANG_WARN_UNREACHABLE_CODE = YES;
				CLANG_WARN__DUPLICATE_METHOD_MATCH = YES;
				COPY_PHASE_STRIP = NO;
				DEBUG_INFORMATION_FORMAT = dwarf;
				ENABLE_STRICT_OBJC_MSGSEND = YES;
				ENABLE_TESTABILITY = YES;
				GCC_C_LANGUAGE_STANDARD = gnu11;
				GCC_DYNAMIC_NO_PIC = NO;
				GCC_NO_COMMON_BLOCKS = YES;
				GCC_OPTIMIZATION_LEVEL = 0;
				GCC_PREPROCESSOR_DEFINITIONS = (
					"DEBUG=1",
					"$(inherited)",
				);
				GCC_WARN_64_TO_32_BIT_CONVERSION = YES;
				GCC_WARN_ABOUT_RETURN_TYPE = YES_ERROR;
				GCC_WARN_UNDECLARED_SELECTOR = YES;
				GCC_WARN_UNINITIALIZED_AUTOS = YES_AGGRESSIVE;
				GCC_WARN_UNUSED_FUNCTION = YES;
				GCC_WARN_UNUSED_VARIABLE = YES;
				IPHONEOS_DEPLOYMENT_TARGET = 14.5;
				MTL_ENABLE_DEBUG_INFO = INCLUDE_SOURCE;
				MTL_FAST_MATH = YES;
				ONLY_ACTIVE_ARCH = YES;
				SDKROOT = iphoneos;
				SWIFT_ACTIVE_COMPILATION_CONDITIONS = DEBUG;
				SWIFT_OPTIMIZATION_LEVEL = "-Onone";
			};
			name = Debug;
		};
		B5C51DA9273C30210012FBBD /* Release */ = {
			isa = XCBuildConfiguration;
			buildSettings = {
				ALWAYS_SEARCH_USER_PATHS = NO;
				CLANG_ANALYZER_NONNULL = YES;
				CLANG_ANALYZER_NUMBER_OBJECT_CONVERSION = YES_AGGRESSIVE;
				CLANG_CXX_LANGUAGE_STANDARD = "gnu++14";
				CLANG_CXX_LIBRARY = "libc++";
				CLANG_ENABLE_MODULES = YES;
				CLANG_ENABLE_OBJC_ARC = YES;
				CLANG_ENABLE_OBJC_WEAK = YES;
				CLANG_WARN_BLOCK_CAPTURE_AUTORELEASING = YES;
				CLANG_WARN_BOOL_CONVERSION = YES;
				CLANG_WARN_COMMA = YES;
				CLANG_WARN_CONSTANT_CONVERSION = YES;
				CLANG_WARN_DEPRECATED_OBJC_IMPLEMENTATIONS = YES;
				CLANG_WARN_DIRECT_OBJC_ISA_USAGE = YES_ERROR;
				CLANG_WARN_DOCUMENTATION_COMMENTS = YES;
				CLANG_WARN_EMPTY_BODY = YES;
				CLANG_WARN_ENUM_CONVERSION = YES;
				CLANG_WARN_INFINITE_RECURSION = YES;
				CLANG_WARN_INT_CONVERSION = YES;
				CLANG_WARN_NON_LITERAL_NULL_CONVERSION = YES;
				CLANG_WARN_OBJC_IMPLICIT_RETAIN_SELF = YES;
				CLANG_WARN_OBJC_LITERAL_CONVERSION = YES;
				CLANG_WARN_OBJC_ROOT_CLASS = YES_ERROR;
				CLANG_WARN_QUOTED_INCLUDE_IN_FRAMEWORK_HEADER = YES;
				CLANG_WARN_RANGE_LOOP_ANALYSIS = YES;
				CLANG_WARN_STRICT_PROTOTYPES = YES;
				CLANG_WARN_SUSPICIOUS_MOVE = YES;
				CLANG_WARN_UNGUARDED_AVAILABILITY = YES_AGGRESSIVE;
				CLANG_WARN_UNREACHABLE_CODE = YES;
				CLANG_WARN__DUPLICATE_METHOD_MATCH = YES;
				COPY_PHASE_STRIP = NO;
				DEBUG_INFORMATION_FORMAT = "dwarf-with-dsym";
				ENABLE_NS_ASSERTIONS = NO;
				ENABLE_STRICT_OBJC_MSGSEND = YES;
				GCC_C_LANGUAGE_STANDARD = gnu11;
				GCC_NO_COMMON_BLOCKS = YES;
				GCC_WARN_64_TO_32_BIT_CONVERSION = YES;
				GCC_WARN_ABOUT_RETURN_TYPE = YES_ERROR;
				GCC_WARN_UNDECLARED_SELECTOR = YES;
				GCC_WARN_UNINITIALIZED_AUTOS = YES_AGGRESSIVE;
				GCC_WARN_UNUSED_FUNCTION = YES;
				GCC_WARN_UNUSED_VARIABLE = YES;
				IPHONEOS_DEPLOYMENT_TARGET = 14.5;
				MTL_ENABLE_DEBUG_INFO = NO;
				MTL_FAST_MATH = YES;
				SDKROOT = iphoneos;
				SWIFT_COMPILATION_MODE = wholemodule;
				SWIFT_OPTIMIZATION_LEVEL = "-O";
				VALIDATE_PRODUCT = YES;
			};
			name = Release;
		};
		B5C51DAB273C30210012FBBD /* Debug */ = {
			isa = XCBuildConfiguration;
			buildSettings = {
				ASSETCATALOG_COMPILER_APPICON_NAME = AppIcon;
				ASSETCATALOG_COMPILER_GLOBAL_ACCENT_COLOR_NAME = AccentColor;
				CODE_SIGN_STYLE = Automatic;
				DEVELOPMENT_TEAM = 4Z3SGZ5ZPA;
				INFOPLIST_FILE = mdleypunskiyPW5/Info.plist;
				LD_RUNPATH_SEARCH_PATHS = (
					"$(inherited)",
					"@executable_path/Frameworks",
				);
				PRODUCT_BUNDLE_IDENTIFIER = hse.mdleypunskiyPW5;
				PRODUCT_NAME = "$(TARGET_NAME)";
				SWIFT_VERSION = 5.0;
				TARGETED_DEVICE_FAMILY = "1,2";
			};
			name = Debug;
		};
		B5C51DAC273C30210012FBBD /* Release */ = {
			isa = XCBuildConfiguration;
			buildSettings = {
				ASSETCATALOG_COMPILER_APPICON_NAME = AppIcon;
				ASSETCATALOG_COMPILER_GLOBAL_ACCENT_COLOR_NAME = AccentColor;
				CODE_SIGN_STYLE = Automatic;
				DEVELOPMENT_TEAM = 4Z3SGZ5ZPA;
				INFOPLIST_FILE = mdleypunskiyPW5/Info.plist;
				LD_RUNPATH_SEARCH_PATHS = (
					"$(inherited)",
					"@executable_path/Frameworks",
				);
				PRODUCT_BUNDLE_IDENTIFIER = hse.mdleypunskiyPW5;
				PRODUCT_NAME = "$(TARGET_NAME)";
				SWIFT_VERSION = 5.0;
				TARGETED_DEVICE_FAMILY = "1,2";
			};
			name = Release;
		};
/* End XCBuildConfiguration section */

/* Begin XCConfigurationList section */
		B5C51D91273C301E0012FBBD /* Build configuration list for PBXProject "mdleypunskiyPW5" */ = {
			isa = XCConfigurationList;
			buildConfigurations = (
				B5C51DA8273C30210012FBBD /* Debug */,
				B5C51DA9273C30210012FBBD /* Release */,
			);
			defaultConfigurationIsVisible = 0;
			defaultConfigurationName = Release;
		};
		B5C51DAA273C30210012FBBD /* Build configuration list for PBXNativeTarget "mdleypunskiyPW5" */ = {
			isa = XCConfigurationList;
			buildConfigurations = (
				B5C51DAB273C30210012FBBD /* Debug */,
				B5C51DAC273C30210012FBBD /* Release */,
			);
			defaultConfigurationIsVisible = 0;
			defaultConfigurationName = Release;
		};
/* End XCConfigurationList section */
	};
	rootObject = B5C51D8E273C301E0012FBBD /* Project object */;
}
